{
  "lockfileVersion": 1,
  "configVersion": 1,
  "workspaces": {
    "": {
      "name": "release-smith-monorepo",
      "devDependencies": {
        "@biomejs/biome": "^2.4.7",
        "bun-types": "^1.3.10",
        "typescript": "^5.9.3",
      },
    },
    "packages/cli": {
      "name": "release-smith",
      "version": "0.1.0",
      "bin": {
        "release-smith": "src/index.ts",
      },
      "dependencies": {
        "@release-smith/config": "workspace:*",
        "@release-smith/core": "workspace:*",
        "@release-smith/git": "workspace:*",
        "@release-smith/github": "workspace:*",
        "citty": "^0.2.1",
      },
    },
    "packages/config": {
      "name": "@release-smith/config",
      "version": "0.1.0",
    },
    "packages/core": {
      "name": "@release-smith/core",
      "version": "0.1.0",
      "dependencies": {
        "@release-smith/config": "workspace:*",
        "@release-smith/git": "workspace:*",
        "@release-smith/github": "workspace:*",
        "semver": "^7.7.4",
      },
      "devDependencies": {
        "@types/semver": "^7.7.1",
      },
    },
    "packages/git": {
      "name": "@release-smith/git",
      "version": "0.1.0",
    },
    "packages/github": {
      "name": "@release-smith/github",
      "version": "0.1.0",
    },
  },
  "packages": {
    "@biomejs/biome": ["@biomejs/biome@2.4.7", "", { "optionalDependencies": { "@biomejs/cli-darwin-arm64": "2.4.7", "@biomejs/cli-darwin-x64": "2.4.7", "@biomejs/cli-linux-arm64": "2.4.7", "@biomejs/cli-linux-arm64-musl": "2.4.7", "@biomejs/cli-linux-x64": "2.4.7", "@biomejs/cli-linux-x64-musl": "2.4.7", "@biomejs/cli-win32-arm64": "2.4.7", "@biomejs/cli-win32-x64": "2.4.7" }, "bin": { "biome": "bin/biome" } }, "sha512-vXrgcmNGZ4lpdwZSpMf1hWw1aWS6B+SyeSYKTLrNsiUsAdSRN0J4d/7mF3ogJFbIwFFSOL3wT92Zzxia/d5/ng=="],

    "@biomejs/cli-darwin-arm64": ["@biomejs/cli-darwin-arm64@2.4.7", "", { "os": "darwin", "cpu": "arm64" }, "sha512-Oo0cF5mHzmvDmTXw8XSjhCia8K6YrZnk7aCS54+/HxyMdZMruMO3nfpDsrlar/EQWe41r1qrwKiCa2QDYHDzWA=="],

    "@biomejs/cli-darwin-x64": ["@biomejs/cli-darwin-x64@2.4.7", "", { "os": "darwin", "cpu": "x64" }, "sha512-I+cOG3sd/7HdFtvDSnF9QQPrWguUH7zrkIMMykM3PtfWU9soTcS2yRb9Myq6MHmzbeCT08D1UmY+BaiMl5CcoQ=="],

    "@biomejs/cli-linux-arm64": ["@biomejs/cli-linux-arm64@2.4.7", "", { "os": "linux", "cpu": "arm64" }, "sha512-om6FugwmibzfP/6ALj5WRDVSND4H2G9X0nkI1HZpp2ySf9lW2j0X68oQSaHEnls6666oy4KDsc5RFjT4m0kV0w=="],

    "@biomejs/cli-linux-arm64-musl": ["@biomejs/cli-linux-arm64-musl@2.4.7", "", { "os": "linux", "cpu": "arm64" }, "sha512-I2NvM9KPb09jWml93O2/5WMfNR7Lee5Latag1JThDRMURVhPX74p9UDnyTw3Ae6cE1DgXfw7sqQgX7rkvpc0vw=="],

    "@biomejs/cli-linux-x64": ["@biomejs/cli-linux-x64@2.4.7", "", { "os": "linux", "cpu": "x64" }, "sha512-bV8/uo2Tj+gumnk4sUdkerWyCPRabaZdv88IpbmDWARQQoA/Q0YaqPz1a+LSEDIL7OfrnPi9Hq1Llz4ZIGyIQQ=="],

    "@biomejs/cli-linux-x64-musl": ["@biomejs/cli-linux-x64-musl@2.4.7", "", { "os": "linux", "cpu": "x64" }, "sha512-00kx4YrBMU8374zd2wHuRV5wseh0rom5HqRND+vDldJPrWwQw+mzd/d8byI9hPx926CG+vWzq6AeiT7Yi5y59g=="],

    "@biomejs/cli-win32-arm64": ["@biomejs/cli-win32-arm64@2.4.7", "", { "os": "win32", "cpu": "arm64" }, "sha512-hOUHBMlFCvDhu3WCq6vaBoG0dp0LkWxSEnEEsxxXvOa9TfT6ZBnbh72A/xBM7CBYB7WgwqboetzFEVDnMxelyw=="],

    "@biomejs/cli-win32-x64": ["@biomejs/cli-win32-x64@2.4.7", "", { "os": "win32", "cpu": "x64" }, "sha512-qEpGjSkPC3qX4ycbMUthXvi9CkRq7kZpkqMY1OyhmYlYLnANnooDQ7hDerM8+0NJ+DZKVnsIc07h30XOpt7LtQ=="],

    "@release-smith/config": ["@release-smith/config@workspace:packages/config"],

    "@release-smith/core": ["@release-smith/core@workspace:packages/core"],

    "@release-smith/git": ["@release-smith/git@workspace:packages/git"],

    "@release-smith/github": ["@release-smith/github@workspace:packages/github"],

    "@types/node": ["@types/node@25.5.0", "", { "dependencies": { "undici-types": "~7.18.0" } }, "sha512-jp2P3tQMSxWugkCUKLRPVUpGaL5MVFwF8RDuSRztfwgN1wmqJeMSbKlnEtQqU8UrhTmzEmZdu2I6v2dpp7XIxw=="],

    "@types/semver": ["@types/semver@7.7.1", "", {}, "sha512-FmgJfu+MOcQ370SD0ev7EI8TlCAfKYU+B4m5T3yXc1CiRN94g/SZPtsCkk506aUDtlMnFZvasDwHHUcZUEaYuA=="],

    "bun-types": ["bun-types@1.3.10", "", { "dependencies": { "@types/node": "*" } }, "sha512-tcpfCCl6XWo6nCVnpcVrxQ+9AYN1iqMIzgrSKYMB/fjLtV2eyAVEg7AxQJuCq/26R6HpKWykQXuSOq/21RYcbg=="],

    "citty": ["citty@0.2.1", "", {}, "sha512-kEV95lFBhQgtogAPlQfJJ0WGVSokvLr/UEoFPiKKOXF7pl98HfUVUD0ejsuTCld/9xH9vogSywZ5KqHzXrZpqg=="],

    "release-smith": ["release-smith@workspace:packages/cli"],

    "semver": ["semver@7.7.4", "", { "bin": { "semver": "bin/semver.js" } }, "sha512-vFKC2IEtQnVhpT78h1Yp8wzwrf8CM+MzKMHGJZfBtzhZNycRFnXsHk6E5TxIkkMsgNS7mdX3AGB7x2QM2di4lA=="],

    "typescript": ["typescript@5.9.3", "", { "bin": { "tsc": "bin/tsc", "tsserver": "bin/tsserver" } }, "sha512-jl1vZzPDinLr9eUt3J/t7V6FgNEw9QjvBPdysz9KfQDD41fQrC2Y4vKQdiaUpFT4bXlb1RHhLpp8wtm6M5TgSw=="],

    "undici-types": ["undici-types@7.18.2", "", {}, "sha512-AsuCzffGHJybSaRrmr5eHr81mwJU3kjw6M+uprWvCXiNeN9SOGwQ3Jn8jb8m3Z6izVgknn1R0FTCEAP2QrLY/w=="],
  }
}
